PODS:
  - LLImageBrowser (0.1.0):
    - SDWebImage (~> 4.4.1)
  - SDWebImage (4.4.7):
    - SDWebImage/Core (= 4.4.7)
  - SDWebImage/Core (4.4.7)

DEPENDENCIES:
  - LLImageBrowser (from `../`)
  - SDWebImage (~> 4.4.1)

SPEC REPOS:
  https://github.com/cocoapods/specs.git:
    - SDWebImage

EXTERNAL SOURCES:
  LLImageBrowser:
    :path: "../"

SPEC CHECKSUMS:
  LLImageBrowser: e281ccb3b16ba3ba84d6187c78141018bb97fe3f
  SDWebImage: c10d14a8883ebd89664f02a422006f66a85c0c5d

PODFILE CHECKSUM: 717498c2e01bcd8ed3958fc5a86396dda364bd52

COCOAPODS: 1.7.2
